
Microsoft Visual Studio Solution File, Format Version 12.00
# Visual Studio Version 17
VisualStudioVersion = 17.7.34003.232
MinimumVisualStudioVersion = 10.0.40219.1
Project("{FAE04EC0-301F-11D3-BF4B-00C04F79EFBC}") = "Tasks30", "Tasks30\Tasks30.csproj", "{1A4D01AF-A363-470F-87F0-7548ADDF0D39}"
EndProject
Global
	GlobalSection(SolutionConfigurationPlatforms) = preSolution
		Debug|Any CPU = Debug|Any CPU
		Release|Any CPU = Release|Any CPU
	EndGlobalSection
	GlobalSection(ProjectConfigurationPlatforms) = postSolution
		{1A4D01AF-A363-470F-87F0-7548ADDF0D39}.Debug|Any CPU.ActiveCfg = Debug|Any CPU
		{1A4D01AF-A363-470F-87F0-7548ADDF0D39}.Debug|Any CPU.Build.0 = Debug|Any CPU
		{1A4D01AF-A363-470F-87F0-7548ADDF0D39}.Release|Any CPU.ActiveCfg = Release|Any CPU
		{1A4D01AF-A363-470F-87F0-7548ADDF0D39}.Release|Any CPU.Build.0 = Release|Any CPU
	EndGlobalSection
	GlobalSection(SolutionProperties) = preSolution
		HideSolutionNode = FALSE
	EndGlobalSection
	GlobalSection(ExtensibilityGlobals) = postSolution
		SolutionGuid = {D824AD66-0BE7-4866-BDB7-5022CE075771}
	EndGlobalSection
EndGlobal
